
Microsoft Visual Studio Solution File, Format Version 12.00
# Visual Studio Version 16
VisualStudioVersion = 16.0.31205.134
MinimumVisualStudioVersion = 10.0.40219.1
Project("{FAE04EC0-301F-11D3-BF4B-00C04F79EFBC}") = "Ti9.API", "Ti9.API\Ti9.API.csproj", "{5B147954-D8D9-4667-B5F7-AE01649C43DC}"
EndProject
Project("{FAE04EC0-301F-11D3-BF4B-00C04F79EFBC}") = "Ti9.Models", "Ti9.Models\Ti9.Models.csproj", "{6EF624DD-73A3-4097-B9B9-05C269B4D625}"
EndProject
Global
	GlobalSection(SolutionConfigurationPlatforms) = preSolution
		Debug|Any CPU = Debug|Any CPU
		Release|Any CPU = Release|Any CPU
	EndGlobalSection
	GlobalSection(ProjectConfigurationPlatforms) = postSolution
		{5B147954-D8D9-4667-B5F7-AE01649C43DC}.Debug|Any CPU.ActiveCfg = Debug|Any CPU
		{5B147954-D8D9-4667-B5F7-AE01649C43DC}.Debug|Any CPU.Build.0 = Debug|Any CPU
		{5B147954-D8D9-4667-B5F7-AE01649C43DC}.Release|Any CPU.ActiveCfg = Release|Any CPU
		{5B147954-D8D9-4667-B5F7-AE01649C43DC}.Release|Any CPU.Build.0 = Release|Any CPU
		{6EF624DD-73A3-4097-B9B9-05C269B4D625}.Debug|Any CPU.ActiveCfg = Debug|Any CPU
		{6EF624DD-73A3-4097-B9B9-05C269B4D625}.Debug|Any CPU.Build.0 = Debug|Any CPU
		{6EF624DD-73A3-4097-B9B9-05C269B4D625}.Release|Any CPU.ActiveCfg = Release|Any CPU
		{6EF624DD-73A3-4097-B9B9-05C269B4D625}.Release|Any CPU.Build.0 = Release|Any CPU
	EndGlobalSection
	GlobalSection(SolutionProperties) = preSolution
		HideSolutionNode = FALSE
	EndGlobalSection
	GlobalSection(ExtensibilityGlobals) = postSolution
		SolutionGuid = {1E7B1896-71AD-4A66-A188-110DAEB2D03C}
	EndGlobalSection
EndGlobal
